PODS:
  - cmark_gfm (0.0.4)
  - MarkdownUI (0.0.1):
    - cmark_gfm

DEPENDENCIES:
  - cmark_gfm (from `https://github.com/ghostcrying/swift-cmark.git`, tag `0.0.4`)
  - MarkdownUI (from `../../`)

EXTERNAL SOURCES:
  cmark_gfm:
    :git: https://github.com/ghostcrying/swift-cmark.git
    :tag: 0.0.4
  MarkdownUI:
    :path: "../../"

CHECKOUT OPTIONS:
  cmark_gfm:
    :git: https://github.com/ghostcrying/swift-cmark.git
    :tag: 0.0.4

SPEC CHECKSUMS:
  cmark_gfm: 8224a60454ee59361bc2c20161a5799364fe4ff8
  MarkdownUI: 10b5c0394393ca1ae8f82fc0a5ed46a3a899c9d3

PODFILE CHECKSUM: 8cc0d69127b794a92c15621c97245a45c8d4a562

COCOAPODS: 1.12.1
