PODS:
  - cmark_gfm (0.0.4)
  - MarkdownUI (0.0.3):
    - cmark_gfm

DEPENDENCIES:
  - cmark_gfm (from `https://github.com/ghostcrying/swift-cmark.git`, tag `0.0.4`)
  - MarkdownUI (from `../../`)

EXTERNAL SOURCES:
  cmark_gfm:
    :git: https://github.com/ghostcrying/swift-cmark.git
    :tag: 0.0.4
  MarkdownUI:
    :path: "../../"

CHECKOUT OPTIONS:
  cmark_gfm:
    :git: https://github.com/ghostcrying/swift-cmark.git
    :tag: 0.0.4

SPEC CHECKSUMS:
  cmark_gfm: 8224a60454ee59361bc2c20161a5799364fe4ff8
  MarkdownUI: 3e66e1b8b2e2c7b8f7cd19cad66870414e183e8a

PODFILE CHECKSUM: 8cc0d69127b794a92c15621c97245a45c8d4a562

COCOAPODS: 1.12.1
